
Microsoft Visual Studio Solution File, Format Version 12.00
# Visual Studio Version 17
VisualStudioVersion = 17.4.33403.182
MinimumVisualStudioVersion = 10.0.40219.1
Project("{FAE04EC0-301F-11D3-BF4B-00C04F79EFBC}") = "GestionDeportiva", "GestionDeportiva\GestionDeportiva.csproj", "{90D61D00-E253-4720-9F12-CEC4BF049312}"
EndProject
Global
	GlobalSection(SolutionConfigurationPlatforms) = preSolution
		Debug|Any CPU = Debug|Any CPU
		Release|Any CPU = Release|Any CPU
	EndGlobalSection
	GlobalSection(ProjectConfigurationPlatforms) = postSolution
		{90D61D00-E253-4720-9F12-CEC4BF049312}.Debug|Any CPU.ActiveCfg = Debug|Any CPU
		{90D61D00-E253-4720-9F12-CEC4BF049312}.Debug|Any CPU.Build.0 = Debug|Any CPU
		{90D61D00-E253-4720-9F12-CEC4BF049312}.Release|Any CPU.ActiveCfg = Release|Any CPU
		{90D61D00-E253-4720-9F12-CEC4BF049312}.Release|Any CPU.Build.0 = Release|Any CPU
	EndGlobalSection
	GlobalSection(SolutionProperties) = preSolution
		HideSolutionNode = FALSE
	EndGlobalSection
	GlobalSection(ExtensibilityGlobals) = postSolution
		SolutionGuid = {E5E99A50-938C-4879-A5B8-06067DEAE796}
	EndGlobalSection
EndGlobal
